
Microsoft Visual Studio Solution File, Format Version 12.00
# Visual Studio Version 16
VisualStudioVersion = 16.0.30225.117
MinimumVisualStudioVersion = 10.0.40219.1
Project("{FAE04EC0-301F-11D3-BF4B-00C04F79EFBC}") = "exercicio-logica-programacao7", "exercicio-logica-programacao7.csproj", "{10FD31E1-A271-4F6E-AF94-44CBE976A886}"
EndProject
Global
	GlobalSection(SolutionConfigurationPlatforms) = preSolution
		Debug|Any CPU = Debug|Any CPU
		Release|Any CPU = Release|Any CPU
	EndGlobalSection
	GlobalSection(ProjectConfigurationPlatforms) = postSolution
		{10FD31E1-A271-4F6E-AF94-44CBE976A886}.Debug|Any CPU.ActiveCfg = Debug|Any CPU
		{10FD31E1-A271-4F6E-AF94-44CBE976A886}.Debug|Any CPU.Build.0 = Debug|Any CPU
		{10FD31E1-A271-4F6E-AF94-44CBE976A886}.Release|Any CPU.ActiveCfg = Release|Any CPU
		{10FD31E1-A271-4F6E-AF94-44CBE976A886}.Release|Any CPU.Build.0 = Release|Any CPU
	EndGlobalSection
	GlobalSection(SolutionProperties) = preSolution
		HideSolutionNode = FALSE
	EndGlobalSection
	GlobalSection(ExtensibilityGlobals) = postSolution
		SolutionGuid = {2E6F9123-B7E1-4596-96BE-D0C5BB07DC25}
	EndGlobalSection
EndGlobal
